// !$*UTF8*$!
{
	archiveVersion = 1;
	classes = {
	};
	objectVersion = 48;
	objects = {

/* Begin PBXBuildFile section */
		16E775CD4F165F384A2B2AF6 /* libPods-My Analytics.a in Frameworks */ = {isa = PBXBuildFile; fileRef = F07BED55BC897700B8C5D40D /* libPods-My Analytics.a */; };
		D1F9DF251FA154E000EE8BA1 /* AppDelegate.m in Sources */ = {isa = PBXBuildFile; fileRef = D1F9DF241FA154E000EE8BA1 /* AppDelegate.m */; };
		D1F9DF281FA154E000EE8BA1 /* Home.m in Sources */ = {isa = PBXBuildFile; fileRef = D1F9DF271FA154E000EE8BA1 /* Home.m */; };
		D1F9DF2B1FA154E000EE8BA1 /* Main.storyboard in Resources */ = {isa = PBXBuildFile; fileRef = D1F9DF291FA154E000EE8BA1 /* Main.storyboard */; };
		D1F9DF2E1FA154E000EE8BA1 /* My_Analytics.xcdatamodeld in Sources */ = {isa = PBXBuildFile; fileRef = D1F9DF2C1FA154E000EE8BA1 /* My_Analytics.xcdatamodeld */; };
		D1F9DF301FA154E000EE8BA1 /* Assets.xcassets in Resources */ = {isa = PBXBuildFile; fileRef = D1F9DF2F1FA154E000EE8BA1 /* Assets.xcassets */; };
		D1F9DF331FA154E000EE8BA1 /* LaunchScreen.storyboard in Resources */ = {isa = PBXBuildFile; fileRef = D1F9DF311FA154E000EE8BA1 /* LaunchScreen.storyboard */; };
		D1F9DF361FA154E000EE8BA1 /* main.m in Sources */ = {isa = PBXBuildFile; fileRef = D1F9DF351FA154E000EE8BA1 /* main.m */; };
		D1F9DF3F1FA1569600EE8BA1 /* GoogleService-Info.plist in Resources */ = {isa = PBXBuildFile; fileRef = D1F9DF3E1FA1569600EE8BA1 /* GoogleService-Info.plist */; };
		D1F9DF411FA156E100EE8BA1 /* Podfile in Resources */ = {isa = PBXBuildFile; fileRef = D1F9DF401FA156E100EE8BA1 /* Podfile */; };
/* End PBXBuildFile section */

/* Begin PBXFileReference section */
		229433984B57B6E96EDA238E /* Pods-My Analytics.release.xcconfig */ = {isa = PBXFileReference; includeInIndex = 1; lastKnownFileType = text.xcconfig; name = "Pods-My Analytics.release.xcconfig"; path = "Pods/Target Support Files/Pods-My Analytics/Pods-My Analytics.release.xcconfig"; sourceTree = "<group>"; };
		D1F9DF201FA154E000EE8BA1 /* My Analytics.app */ = {isa = PBXFileReference; explicitFileType = wrapper.application; includeInIndex = 0; path = "My Analytics.app"; sourceTree = BUILT_PRODUCTS_DIR; };
		D1F9DF231FA154E000EE8BA1 /* AppDelegate.h */ = {isa = PBXFileReference; lastKnownFileType = sourcecode.c.h; path = AppDelegate.h; sourceTree = "<group>"; };
		D1F9DF241FA154E000EE8BA1 /* AppDelegate.m */ = {isa = PBXFileReference; lastKnownFileType = sourcecode.c.objc; path = AppDelegate.m; sourceTree = "<group>"; };
		D1F9DF261FA154E000EE8BA1 /* Home.h */ = {isa = PBXFileReference; lastKnownFileType = sourcecode.c.h; path = Home.h; sourceTree = "<group>"; };
		D1F9DF271FA154E000EE8BA1 /* Home.m */ = {isa = PBXFileReference; lastKnownFileType = sourcecode.c.objc; path = Home.m; sourceTree = "<group>"; };
		D1F9DF2A1FA154E000EE8BA1 /* Base */ = {isa = PBXFileReference; lastKnownFileType = file.storyboard; name = Base; path = Base.lproj/Main.storyboard; sourceTree = "<group>"; };
		D1F9DF2D1FA154E000EE8BA1 /* My_Analytics.xcdatamodel */ = {isa = PBXFileReference; lastKnownFileType = wrapper.xcdatamodel; path = My_Analytics.xcdatamodel; sourceTree = "<group>"; };
		D1F9DF2F1FA154E000EE8BA1 /* Assets.xcassets */ = {isa = PBXFileReference; lastKnownFileType = folder.assetcatalog; path = Assets.xcassets; sourceTree = "<group>"; };
		D1F9DF321FA154E000EE8BA1 /* Base */ = {isa = PBXFileReference; lastKnownFileType = file.storyboard; name = Base; path = Base.lproj/LaunchScreen.storyboard; sourceTree = "<group>"; };
		D1F9DF341FA154E000EE8BA1 /* Info.plist */ = {isa = PBXFileReference; lastKnownFileType = text.plist.xml; path = Info.plist; sourceTree = "<group>"; };
		D1F9DF351FA154E000EE8BA1 /* main.m */ = {isa = PBXFileReference; lastKnownFileType = sourcecode.c.objc; path = main.m; sourceTree = "<group>"; };
		D1F9DF3E1FA1569600EE8BA1 /* GoogleService-Info.plist */ = {isa = PBXFileReference; fileEncoding = 4; lastKnownFileType = text.plist.xml; path = "GoogleService-Info.plist"; sourceTree = "<group>"; };
		D1F9DF401FA156E100EE8BA1 /* Podfile */ = {isa = PBXFileReference; lastKnownFileType = text; path = Podfile; sourceTree = "<group>"; xcLanguageSpecificationIdentifier = xcode.lang.ruby; };
		D3BFA269C67C26DD8795320D /* Pods-My Analytics.debug.xcconfig */ = {isa = PBXFileReference; includeInIndex = 1; lastKnownFileType = text.xcconfig; name = "Pods-My Analytics.debug.xcconfig"; path = "Pods/Target Support Files/Pods-My Analytics/Pods-My Analytics.debug.xcconfig"; sourceTree = "<group>"; };
		F07BED55BC897700B8C5D40D /* libPods-My Analytics.a */ = {isa = PBXFileReference; explicitFileType = archive.ar; includeInIndex = 0; path = "libPods-My Analytics.a"; sourceTree = BUILT_PRODUCTS_DIR; };
/* End PBXFileReference section */

/* Begin PBXFrameworksBuildPhase section */
		D1F9DF1D1FA154E000EE8BA1 /* Frameworks */ = {
			isa = PBXFrameworksBuildPhase;
			buildActionMask = 2147483647;
			files = (
				16E775CD4F165F384A2B2AF6 /* libPods-My Analytics.a in Frameworks */,
			);
			runOnlyForDeploymentPostprocessing = 0;
		};
/* End PBXFrameworksBuildPhase section */

/* Begin PBXGroup section */
		463A32BE926775813904162B /* Frameworks */ = {
			isa = PBXGroup;
			children = (
				F07BED55BC897700B8C5D40D /* libPods-My Analytics.a */,
			);
			name = Frameworks;
			sourceTree = "<group>";
		};
		89B0F1419FD0B7760AC8BB96 /* Pods */ = {
			isa = PBXGroup;
			children = (
				D3BFA269C67C26DD8795320D /* Pods-My Analytics.debug.xcconfig */,
				229433984B57B6E96EDA238E /* Pods-My Analytics.release.xcconfig */,
			);
			name = Pods;
			sourceTree = "<group>";
		};
		D1F9DF171FA154E000EE8BA1 = {
			isa = PBXGroup;
			children = (
				D1F9DF401FA156E100EE8BA1 /* Podfile */,
				D1F9DF221FA154E000EE8BA1 /* My Analytics */,
				D1F9DF211FA154E000EE8BA1 /* Products */,
				89B0F1419FD0B7760AC8BB96 /* Pods */,
				463A32BE926775813904162B /* Frameworks */,
			);
			sourceTree = "<group>";
		};
		D1F9DF211FA154E000EE8BA1 /* Products */ = {
			isa = PBXGroup;
			children = (
				D1F9DF201FA154E000EE8BA1 /* My Analytics.app */,
			);
			name = Products;
			sourceTree = "<group>";
		};
		D1F9DF221FA154E000EE8BA1 /* My Analytics */ = {
			isa = PBXGroup;
			children = (
				D1F9DF3D1FA154F200EE8BA1 /* Controllers */,
				D1F9DF3C1FA154EA00EE8BA1 /* Main */,
				D1F9DF291FA154E000EE8BA1 /* Main.storyboard */,
				D1F9DF2F1FA154E000EE8BA1 /* Assets.xcassets */,
				D1F9DF311FA154E000EE8BA1 /* LaunchScreen.storyboard */,
				D1F9DF341FA154E000EE8BA1 /* Info.plist */,
				D1F9DF3E1FA1569600EE8BA1 /* GoogleService-Info.plist */,
				D1F9DF351FA154E000EE8BA1 /* main.m */,
				D1F9DF2C1FA154E000EE8BA1 /* My_Analytics.xcdatamodeld */,
			);
			path = "My Analytics";
			sourceTree = "<group>";
		};
		D1F9DF3C1FA154EA00EE8BA1 /* Main */ = {
			isa = PBXGroup;
			children = (
				D1F9DF231FA154E000EE8BA1 /* AppDelegate.h */,
				D1F9DF241FA154E000EE8BA1 /* AppDelegate.m */,
			);
			path = Main;
			sourceTree = "<group>";
		};
		D1F9DF3D1FA154F200EE8BA1 /* Controllers */ = {
			isa = PBXGroup;
			children = (
				D1F9DF261FA154E000EE8BA1 /* Home.h */,
				D1F9DF271FA154E000EE8BA1 /* Home.m */,
			);
			path = Controllers;
			sourceTree = "<group>";
		};
/* End PBXGroup section */

/* Begin PBXNativeTarget section */
		D1F9DF1F1FA154E000EE8BA1 /* My Analytics */ = {
			isa = PBXNativeTarget;
			buildConfigurationList = D1F9DF391FA154E000EE8BA1 /* Build configuration list for PBXNativeTarget "My Analytics" */;
			buildPhases = (
				DBC5CD619042E6EB557BA0AB /* [CP] Check Pods Manifest.lock */,
				D1F9DF1C1FA154E000EE8BA1 /* Sources */,
				D1F9DF1D1FA154E000EE8BA1 /* Frameworks */,
				D1F9DF1E1FA154E000EE8BA1 /* Resources */,
				1207F6E2D993E1F11372B12F /* [CP] Embed Pods Frameworks */,
				1B8ACCF3D7902730A167B153 /* [CP] Copy Pods Resources */,
			);
			buildRules = (
			);
			dependencies = (
			);
			name = "My Analytics";
			productName = "My Analytics";
			productReference = D1F9DF201FA154E000EE8BA1 /* My Analytics.app */;
			productType = "com.apple.product-type.application";
		};
/* End PBXNativeTarget section */

/* Begin PBXProject section */
		D1F9DF181FA154E000EE8BA1 /* Project object */ = {
			isa = PBXProject;
			attributes = {
				LastUpgradeCheck = 0900;
				ORGANIZATIONNAME = wgdomenzain;
				TargetAttributes = {
					D1F9DF1F1FA154E000EE8BA1 = {
						CreatedOnToolsVersion = 9.0.1;
						ProvisioningStyle = Automatic;
					};
				};
			};
			buildConfigurationList = D1F9DF1B1FA154E000EE8BA1 /* Build configuration list for PBXProject "My Analytics" */;
			compatibilityVersion = "Xcode 8.0";
			developmentRegion = en;
			hasScannedForEncodings = 0;
			knownRegions = (
				en,
				Base,
			);
			mainGroup = D1F9DF171FA154E000EE8BA1;
			productRefGroup = D1F9DF211FA154E000EE8BA1 /* Products */;
			projectDirPath = "";
			projectRoot = "";
			targets = (
				D1F9DF1F1FA154E000EE8BA1 /* My Analytics */,
			);
		};
/* End PBXProject section */

/* Begin PBXResourcesBuildPhase section */
		D1F9DF1E1FA154E000EE8BA1 /* Resources */ = {
			isa = PBXResourcesBuildPhase;
			buildActionMask = 2147483647;
			files = (
				D1F9DF411FA156E100EE8BA1 /* Podfile in Resources */,
				D1F9DF331FA154E000EE8BA1 /* LaunchScreen.storyboard in Resources */,
				D1F9DF3F1FA1569600EE8BA1 /* GoogleService-Info.plist in Resources */,
				D1F9DF301FA154E000EE8BA1 /* Assets.xcassets in Resources */,
				D1F9DF2B1FA154E000EE8BA1 /* Main.storyboard in Resources */,
			);
			runOnlyForDeploymentPostprocessing = 0;
		};
/* End PBXResourcesBuildPhase section */

/* Begin PBXShellScriptBuildPhase section */
		1207F6E2D993E1F11372B12F /* [CP] Embed Pods Frameworks */ = {
			isa = PBXShellScriptBuildPhase;
			buildActionMask = 2147483647;
			files = (
			);
			inputPaths = (
			);
			name = "[CP] Embed Pods Frameworks";
			outputPaths = (
			);
			runOnlyForDeploymentPostprocessing = 0;
			shellPath = /bin/sh;
			shellScript = "\"${SRCROOT}/Pods/Target Support Files/Pods-My Analytics/Pods-My Analytics-frameworks.sh\"\n";
			showEnvVarsInLog = 0;
		};
		1B8ACCF3D7902730A167B153 /* [CP] Copy Pods Resources */ = {
			isa = PBXShellScriptBuildPhase;
			buildActionMask = 2147483647;
			files = (
			);
			inputPaths = (
				"${SRCROOT}/Pods/Target Support Files/Pods-My Analytics/Pods-My Analytics-resources.sh",
				"${PODS_ROOT}/GoogleAuthUtilities/Frameworks/frameworks/GoogleAuthUtilities.framework/Resources/GTMOAuth2ViewTouch.xib",
				"${PODS_ROOT}/GoogleSignIn/Resources/GoogleSignIn.bundle",
			);
			name = "[CP] Copy Pods Resources";
			outputPaths = (
				"${TARGET_BUILD_DIR}/${UNLOCALIZED_RESOURCES_FOLDER_PATH}",
			);
			runOnlyForDeploymentPostprocessing = 0;
			shellPath = /bin/sh;
			shellScript = "\"${SRCROOT}/Pods/Target Support Files/Pods-My Analytics/Pods-My Analytics-resources.sh\"\n";
			showEnvVarsInLog = 0;
		};
		DBC5CD619042E6EB557BA0AB /* [CP] Check Pods Manifest.lock */ = {
			isa = PBXShellScriptBuildPhase;
			buildActionMask = 2147483647;
			files = (
			);
			inputPaths = (
				"${PODS_PODFILE_DIR_PATH}/Podfile.lock",
				"${PODS_ROOT}/Manifest.lock",
			);
			name = "[CP] Check Pods Manifest.lock";
			outputPaths = (
				"$(DERIVED_FILE_DIR)/Pods-My Analytics-checkManifestLockResult.txt",
			);
			runOnlyForDeploymentPostprocessing = 0;
			shellPath = /bin/sh;
			shellScript = "diff \"${PODS_PODFILE_DIR_PATH}/Podfile.lock\" \"${PODS_ROOT}/Manifest.lock\" > /dev/null\nif [ $? != 0 ] ; then\n    # print error to STDERR\n    echo \"error: The sandbox is not in sync with the Podfile.lock. Run 'pod install' or update your CocoaPods installation.\" >&2\n    exit 1\nfi\n# This output is used by Xcode 'outputs' to avoid re-running this script phase.\necho \"SUCCESS\" > \"${SCRIPT_OUTPUT_FILE_0}\"\n";
			showEnvVarsInLog = 0;
		};
/* End PBXShellScriptBuildPhase section */

/* Begin PBXSourcesBuildPhase section */
		D1F9DF1C1FA154E000EE8BA1 /* Sources */ = {
			isa = PBXSourcesBuildPhase;
			buildActionMask = 2147483647;
			files = (
				D1F9DF2E1FA154E000EE8BA1 /* My_Analytics.xcdatamodeld in Sources */,
				D1F9DF281FA154E000EE8BA1 /* Home.m in Sources */,
				D1F9DF361FA154E000EE8BA1 /* main.m in Sources */,
				D1F9DF251FA154E000EE8BA1 /* AppDelegate.m in Sources */,
			);
			runOnlyForDeploymentPostprocessing = 0;
		};
/* End PBXSourcesBuildPhase section */

/* Begin PBXVariantGroup section */
		D1F9DF291FA154E000EE8BA1 /* Main.storyboard */ = {
			isa = PBXVariantGroup;
			children = (
				D1F9DF2A1FA154E000EE8BA1 /* Base */,
			);
			name = Main.storyboard;
			sourceTree = "<group>";
		};
		D1F9DF311FA154E000EE8BA1 /* LaunchScreen.storyboard */ = {
			isa = PBXVariantGroup;
			children = (
				D1F9DF321FA154E000EE8BA1 /* Base */,
			);
			name = LaunchScreen.storyboard;
			sourceTree = "<group>";
		};
/* End PBXVariantGroup section */

/* Begin XCBuildConfiguration section */
		D1F9DF371FA154E000EE8BA1 /* Debug */ = {
			isa = XCBuildConfiguration;
			buildSettings = {
				ALWAYS_SEARCH_USER_PATHS = NO;
				CLANG_ANALYZER_NONNULL = YES;
				CLANG_ANALYZER_NUMBER_OBJECT_CONVERSION = YES_AGGRESSIVE;
				CLANG_CXX_LANGUAGE_STANDARD = "gnu++14";
				CLANG_CXX_LIBRARY = "libc++";
				CLANG_ENABLE_MODULES = YES;
				CLANG_ENABLE_OBJC_ARC = YES;
				CLANG_WARN_BLOCK_CAPTURE_AUTORELEASING = YES;
				CLANG_WARN_BOOL_CONVERSION = YES;
				CLANG_WARN_COMMA = YES;
				CLANG_WARN_CONSTANT_CONVERSION = YES;
				CLANG_WARN_DIRECT_OBJC_ISA_USAGE = YES_ERROR;
				CLANG_WARN_DOCUMENTATION_COMMENTS = YES;
				CLANG_WARN_EMPTY_BODY = YES;
				CLANG_WARN_ENUM_CONVERSION = YES;
				CLANG_WARN_INFINITE_RECURSION = YES;
				CLANG_WARN_INT_CONVERSION = YES;
				CLANG_WARN_NON_LITERAL_NULL_CONVERSION = YES;
				CLANG_WARN_OBJC_LITERAL_CONVERSION = YES;
				CLANG_WARN_OBJC_ROOT_CLASS = YES_ERROR;
				CLANG_WARN_RANGE_LOOP_ANALYSIS = YES;
				CLANG_WARN_STRICT_PROTOTYPES = YES;
				CLANG_WARN_SUSPICIOUS_MOVE = YES;
				CLANG_WARN_UNGUARDED_AVAILABILITY = YES_AGGRESSIVE;
				CLANG_WARN_UNREACHABLE_CODE = YES;
				CLANG_WARN__DUPLICATE_METHOD_MATCH = YES;
				CODE_SIGN_IDENTITY = "iPhone Developer";
				COPY_PHASE_STRIP = NO;
				DEBUG_INFORMATION_FORMAT = dwarf;
				ENABLE_STRICT_OBJC_MSGSEND = YES;
				ENABLE_TESTABILITY = YES;
				GCC_C_LANGUAGE_STANDARD = gnu11;
				GCC_DYNAMIC_NO_PIC = NO;
				GCC_NO_COMMON_BLOCKS = YES;
				GCC_OPTIMIZATION_LEVEL = 0;
				GCC_PREPROCESSOR_DEFINITIONS = (
					"DEBUG=1",
					"$(inherited)",
				);
				GCC_WARN_64_TO_32_BIT_CONVERSION = YES;
				GCC_WARN_ABOUT_RETURN_TYPE = YES_ERROR;
				GCC_WARN_UNDECLARED_SELECTOR = YES;
				GCC_WARN_UNINITIALIZED_AUTOS = YES_AGGRESSIVE;
				GCC_WARN_UNUSED_FUNCTION = YES;
				GCC_WARN_UNUSED_VARIABLE = YES;
				IPHONEOS_DEPLOYMENT_TARGET = 11.0;
				MTL_ENABLE_DEBUG_INFO = YES;
				ONLY_ACTIVE_ARCH = YES;
				SDKROOT = iphoneos;
			};
			name = Debug;
		};
		D1F9DF381FA154E000EE8BA1 /* Release */ = {
			isa = XCBuildConfiguration;
			buildSettings = {
				ALWAYS_SEARCH_USER_PATHS = NO;
				CLANG_ANALYZER_NONNULL = YES;
				CLANG_ANALYZER_NUMBER_OBJECT_CONVERSION = YES_AGGRESSIVE;
				CLANG_CXX_LANGUAGE_STANDARD = "gnu++14";
				CLANG_CXX_LIBRARY = "libc++";
				CLANG_ENABLE_MODULES = YES;
				CLANG_ENABLE_OBJC_ARC = YES;
				CLANG_WARN_BLOCK_CAPTURE_AUTORELEASING = YES;
				CLANG_WARN_BOOL_CONVERSION = YES;
				CLANG_WARN_COMMA = YES;
				CLANG_WARN_CONSTANT_CONVERSION = YES;
				CLANG_WARN_DIRECT_OBJC_ISA_USAGE = YES_ERROR;
				CLANG_WARN_DOCUMENTATION_COMMENTS = YES;
				CLANG_WARN_EMPTY_BODY = YES;
				CLANG_WARN_ENUM_CONVERSION = YES;
				CLANG_WARN_INFINITE_RECURSION = YES;
				CLANG_WARN_INT_CONVERSION = YES;
				CLANG_WARN_NON_LITERAL_NULL_CONVERSION = YES;
				CLANG_WARN_OBJC_LITERAL_CONVERSION = YES;
				CLANG_WARN_OBJC_ROOT_CLASS = YES_ERROR;
				CLANG_WARN_RANGE_LOOP_ANALYSIS = YES;
				CLANG_WARN_STRICT_PROTOTYPES = YES;
				CLANG_WARN_SUSPICIOUS_MOVE = YES;
				CLANG_WARN_UNGUARDED_AVAILABILITY = YES_AGGRESSIVE;
				CLANG_WARN_UNREACHABLE_CODE = YES;
				CLANG_WARN__DUPLICATE_METHOD_MATCH = YES;
				CODE_SIGN_IDENTITY = "iPhone Developer";
				COPY_PHASE_STRIP = NO;
				DEBUG_INFORMATION_FORMAT = "dwarf-with-dsym";
				ENABLE_NS_ASSERTIONS = NO;
				ENABLE_STRICT_OBJC_MSGSEND = YES;
				GCC_C_LANGUAGE_STANDARD = gnu11;
				GCC_NO_COMMON_BLOCKS = YES;
				GCC_WARN_64_TO_32_BIT_CONVERSION = YES;
				GCC_WARN_ABOUT_RETURN_TYPE = YES_ERROR;
				GCC_WARN_UNDECLARED_SELECTOR = YES;
				GCC_WARN_UNINITIALIZED_AUTOS = YES_AGGRESSIVE;
				GCC_WARN_UNUSED_FUNCTION = YES;
				GCC_WARN_UNUSED_VARIABLE = YES;
				IPHONEOS_DEPLOYMENT_TARGET = 11.0;
				MTL_ENABLE_DEBUG_INFO = NO;
				SDKROOT = iphoneos;
				VALIDATE_PRODUCT = YES;
			};
			name = Release;
		};
		D1F9DF3A1FA154E000EE8BA1 /* Debug */ = {
			isa = XCBuildConfiguration;
			baseConfigurationReference = D3BFA269C67C26DD8795320D /* Pods-My Analytics.debug.xcconfig */;
			buildSettings = {
				ASSETCATALOG_COMPILER_APPICON_NAME = AppIcon;
				CODE_SIGN_STYLE = Automatic;
				INFOPLIST_FILE = "My Analytics/Info.plist";
				LD_RUNPATH_SEARCH_PATHS = "$(inherited) @executable_path/Frameworks";
				PRODUCT_BUNDLE_IDENTIFIER = "com.wgdomenzain.My-Analytics";
				PRODUCT_NAME = "$(TARGET_NAME)";
				TARGETED_DEVICE_FAMILY = "1,2";
			};
			name = Debug;
		};
		D1F9DF3B1FA154E000EE8BA1 /* Release */ = {
			isa = XCBuildConfiguration;
			baseConfigurationReference = 229433984B57B6E96EDA238E /* Pods-My Analytics.release.xcconfig */;
			buildSettings = {
				ASSETCATALOG_COMPILER_APPICON_NAME = AppIcon;
				CODE_SIGN_STYLE = Automatic;
				INFOPLIST_FILE = "My Analytics/Info.plist";
				LD_RUNPATH_SEARCH_PATHS = "$(inherited) @executable_path/Frameworks";
				PRODUCT_BUNDLE_IDENTIFIER = "com.wgdomenzain.My-Analytics";
				PRODUCT_NAME = "$(TARGET_NAME)";
				TARGETED_DEVICE_FAMILY = "1,2";
			};
			name = Release;
		};
/* End XCBuildConfiguration section */

/* Begin XCConfigurationList section */
		D1F9DF1B1FA154E000EE8BA1 /* Build configuration list for PBXProject "My Analytics" */ = {
			isa = XCConfigurationList;
			buildConfigurations = (
				D1F9DF371FA154E000EE8BA1 /* Debug */,
				D1F9DF381FA154E000EE8BA1 /* Release */,
			);
			defaultConfigurationIsVisible = 0;
			defaultConfigurationName = Release;
		};
		D1F9DF391FA154E000EE8BA1 /* Build configuration list for PBXNativeTarget "My Analytics" */ = {
			isa = XCConfigurationList;
			buildConfigurations = (
				D1F9DF3A1FA154E000EE8BA1 /* Debug */,
				D1F9DF3B1FA154E000EE8BA1 /* Release */,
			);
			defaultConfigurationIsVisible = 0;
			defaultConfigurationName = Release;
		};
/* End XCConfigurationList section */

/* Begin XCVersionGroup section */
		D1F9DF2C1FA154E000EE8BA1 /* My_Analytics.xcdatamodeld */ = {
			isa = XCVersionGroup;
			children = (
				D1F9DF2D1FA154E000EE8BA1 /* My_Analytics.xcdatamodel */,
			);
			currentVersion = D1F9DF2D1FA154E000EE8BA1 /* My_Analytics.xcdatamodel */;
			path = My_Analytics.xcdatamodeld;
			sourceTree = "<group>";
			versionGroupType = wrapper.xcdatamodel;
		};
/* End XCVersionGroup section */
	};
	rootObject = D1F9DF181FA154E000EE8BA1 /* Project object */;
}
